github.com/bytecodealliance/wasmtime-go/v38 v38.0.1 h1:yQ7TLItGpPcJuwzMLPl4DRXX9zHJzSnJaECcA8TG84o=
github.com/bytecodealliance/wasmtime-go/v38 v38.0.1/go.mod h1:Wr+Z+WCraWT/YXqWNd6xrPKgLc/HEnk/m28MVc2zD54=
github.com/klauspost/cpuid/v2 v2.0.9 h1:lgaqFMSdTdQYdZ04uHyN2d/eKdOMyi2YLSvlQIBFYa4=
github.com/klauspost/cpuid/v2 v2.0.9/go.mod h1:FInQzS24/EEf25PyTYn52gqo7WaD8xa0213Md/qVLRg=
golang.org/x/text v0.40.0 h1:Ub2Z6/xjgF1WrYQz2nuITOEegKFtiIy+rieRJ5lHZKs=
golang.org/x/text v0.40.0/go.mod h1:hpnzDAfGV753zIKo+wk3u1bVKCGPbrnF7+7LBF/UHVY=
lukechampine.com/blake3 v1.4.1 h1:I3Smz7gso8w4/TunLKec6K2fn+kyKtDxr/xcQEN84Wg=
lukechampine.com/blake3 v1.4.1/go.mod h1:QFosUxmjB8mnrWFSNwKmvxHpfY72bmD2tQ0kBMM3kwo=
